// !$*UTF8*$!
{
	archiveVersion = 1;
	classes = {
	};
	objectVersion = 46;
	objects = {

/* Begin PBXBuildFile section */
		BF15AF791DAEAB3200E082B1 /* CommentTableView.swift in Sources */ = {isa = PBXBuildFile; fileRef = BF15AF781DAEAB3200E082B1 /* CommentTableView.swift */; };
		BF15AF7D1DAEF34A00E082B1 /* NewComment.swift in Sources */ = {isa = PBXBuildFile; fileRef = BF15AF7C1DAEF34A00E082B1 /* NewComment.swift */; };
		BF17ACB21DBD34E00033017F /* SettingsTableView.swift in Sources */ = {isa = PBXBuildFile; fileRef = BF17ACB11DBD34E00033017F /* SettingsTableView.swift */; };
		BF17ACB41DBD34FD0033017F /* PrivacyPolicy.swift in Sources */ = {isa = PBXBuildFile; fileRef = BF17ACB31DBD34FD0033017F /* PrivacyPolicy.swift */; };
		BF17ACB61DBD350C0033017F /* TOS.swift in Sources */ = {isa = PBXBuildFile; fileRef = BF17ACB51DBD350C0033017F /* TOS.swift */; };
		BF17ACB81DBD35190033017F /* Licenses.swift in Sources */ = {isa = PBXBuildFile; fileRef = BF17ACB71DBD35190033017F /* Licenses.swift */; };
		BF2DD1E11DB000EB00425412 /* Database.swift in Sources */ = {isa = PBXBuildFile; fileRef = BF2DD1E01DB000EB00425412 /* Database.swift */; };
		BF4AF2351DAD88BD00FD8430 /* ProfileTableView.swift in Sources */ = {isa = PBXBuildFile; fileRef = BF4AF2341DAD88BD00FD8430 /* ProfileTableView.swift */; };
		BF4AF2381DAD8C5B00FD8430 /* Global.swift in Sources */ = {isa = PBXBuildFile; fileRef = BF4AF2371DAD8C5B00FD8430 /* Global.swift */; };
		BF4AF23A1DADA50700FD8430 /* NewFeed.swift in Sources */ = {isa = PBXBuildFile; fileRef = BF4AF2391DADA50700FD8430 /* NewFeed.swift */; };
		BF67F5A41DBD3FBC0087065C /* Support.swift in Sources */ = {isa = PBXBuildFile; fileRef = BF67F5A31DBD3FBC0087065C /* Support.swift */; };
		BFA8D48A1DE16B1300E9674E /* ImageViewController.swift in Sources */ = {isa = PBXBuildFile; fileRef = BFA8D4891DE16B1300E9674E /* ImageViewController.swift */; };
		BFAC2DFD1DB528F1009BC187 /* MyReplies.swift in Sources */ = {isa = PBXBuildFile; fileRef = BFAC2DFC1DB528F1009BC187 /* MyReplies.swift */; };
		BFACA2381DE1276200FAAE57 /* QZCircleSegue.swift in Sources */ = {isa = PBXBuildFile; fileRef = BFACA2371DE1276200FAAE57 /* QZCircleSegue.swift */; };
		BFACA23A1DE12ED400FAAE57 /* Image.swift in Sources */ = {isa = PBXBuildFile; fileRef = BFACA2391DE12ED400FAAE57 /* Image.swift */; };
		BFB0635C1DB9397E0083BA30 /* Utility.swift in Sources */ = {isa = PBXBuildFile; fileRef = BFB0635B1DB9397E0083BA30 /* Utility.swift */; };
		BFB6173F1DEA3452009C1ECB /* CaptionImage.swift in Sources */ = {isa = PBXBuildFile; fileRef = BFB6173E1DEA3452009C1ECB /* CaptionImage.swift */; };
		BFB617411DEA4FA0009C1ECB /* IBExtention.swift in Sources */ = {isa = PBXBuildFile; fileRef = BFB617401DEA4FA0009C1ECB /* IBExtention.swift */; };
		BFB617431DEA7823009C1ECB /* CaptionSelected.swift in Sources */ = {isa = PBXBuildFile; fileRef = BFB617421DEA7823009C1ECB /* CaptionSelected.swift */; };
		BFBA3CAC1DE9495500FC1790 /* ImagePicked.swift in Sources */ = {isa = PBXBuildFile; fileRef = BFBA3CAB1DE9495500FC1790 /* ImagePicked.swift */; };
		BFBADD1E1DAB542D004CF6EF /* AppDelegate.swift in Sources */ = {isa = PBXBuildFile; fileRef = BFBADD1D1DAB542D004CF6EF /* AppDelegate.swift */; };
		BFBADD231DAB542D004CF6EF /* Main.storyboard in Resources */ = {isa = PBXBuildFile; fileRef = BFBADD211DAB542D004CF6EF /* Main.storyboard */; };
		BFBADD251DAB542D004CF6EF /* Assets.xcassets in Resources */ = {isa = PBXBuildFile; fileRef = BFBADD241DAB542D004CF6EF /* Assets.xcassets */; };
		BFBADD281DAB542D004CF6EF /* LaunchScreen.storyboard in Resources */ = {isa = PBXBuildFile; fileRef = BFBADD261DAB542D004CF6EF /* LaunchScreen.storyboard */; };
		BFBADD331DAB542D004CF6EF /* MessageBoardTests.swift in Sources */ = {isa = PBXBuildFile; fileRef = BFBADD321DAB542D004CF6EF /* MessageBoardTests.swift */; };
		BFBADD3E1DAB542D004CF6EF /* MessageBoardUITests.swift in Sources */ = {isa = PBXBuildFile; fileRef = BFBADD3D1DAB542D004CF6EF /* MessageBoardUITests.swift */; };
		BFBADD501DAB572C004CF6EF /* fontawesome-webfont.ttf in Resources */ = {isa = PBXBuildFile; fileRef = BFBADD4F1DAB572C004CF6EF /* fontawesome-webfont.ttf */; };
		BFBADD541DAC0B82004CF6EF /* FeedTableView.swift in Sources */ = {isa = PBXBuildFile; fileRef = BFBADD531DAC0B82004CF6EF /* FeedTableView.swift */; };
		BFBF625E1DB30B4B0075A8D7 /* Agree.swift in Sources */ = {isa = PBXBuildFile; fileRef = BFBF625D1DB30B4B0075A8D7 /* Agree.swift */; };
		BFC6F4611DBD774800737BE5 /* SCLAlertView.swift in Sources */ = {isa = PBXBuildFile; fileRef = BFC6F45F1DBD774800737BE5 /* SCLAlertView.swift */; };
		BFC6F4621DBD774800737BE5 /* SCLExtensions.swift in Sources */ = {isa = PBXBuildFile; fileRef = BFC6F4601DBD774800737BE5 /* SCLExtensions.swift */; };
		BFCCC62E1DAD2C880017465E /* Podfile in Resources */ = {isa = PBXBuildFile; fileRef = BFCCC62D1DAD2C880017465E /* Podfile */; };
		BFDB2B8C1DF1FE8100E329FD /* PugIcon.jpg in Resources */ = {isa = PBXBuildFile; fileRef = BFDB2B8B1DF1FE8100E329FD /* PugIcon.jpg */; };
		BFEAEDB11E36A1E2000C6094 /* Extension.swift in Sources */ = {isa = PBXBuildFile; fileRef = BFEAEDB01E36A1E2000C6094 /* Extension.swift */; };
		BFEAEDB31E36A1F6000C6094 /* Camera.swift in Sources */ = {isa = PBXBuildFile; fileRef = BFEAEDB21E36A1F6000C6094 /* Camera.swift */; };
		BFEAEDB51E36A227000C6094 /* InitialTOS.swift in Sources */ = {isa = PBXBuildFile; fileRef = BFEAEDB41E36A227000C6094 /* InitialTOS.swift */; };
		BFEAEDB71E36A24B000C6094 /* InitialPrivacyPolicy.swift in Sources */ = {isa = PBXBuildFile; fileRef = BFEAEDB61E36A24B000C6094 /* InitialPrivacyPolicy.swift */; };
		BFF4C49B1DEB8DB0009E2696 /* empty.png in Resources */ = {isa = PBXBuildFile; fileRef = BFF4C49A1DEB8DB0009E2696 /* empty.png */; };
		BFFA46EB1DB3318A00E5E745 /* MyPosts.swift in Sources */ = {isa = PBXBuildFile; fileRef = BFFA46EA1DB3318A00E5E745 /* MyPosts.swift */; };
		D1D850E6DDAA9523D214DA6B /* Pods_Scoop.framework in Frameworks */ = {isa = PBXBuildFile; fileRef = 32559151BBFA8106995EAB27 /* Pods_Scoop.framework */; };
/* End PBXBuildFile section */

/* Begin PBXContainerItemProxy section */
		BFBADD2F1DAB542D004CF6EF /* PBXContainerItemProxy */ = {
			isa = PBXContainerItemProxy;
			containerPortal = BFBADD121DAB542C004CF6EF /* Project object */;
			proxyType = 1;
			remoteGlobalIDString = BFBADD191DAB542D004CF6EF;
			remoteInfo = MessageBoard;
		};
		BFBADD3A1DAB542D004CF6EF /* PBXContainerItemProxy */ = {
			isa = PBXContainerItemProxy;
			containerPortal = BFBADD121DAB542C004CF6EF /* Project object */;
			proxyType = 1;
			remoteGlobalIDString = BFBADD191DAB542D004CF6EF;
			remoteInfo = MessageBoard;
		};
/* End PBXContainerItemProxy section */

/* Begin PBXFileReference section */
		32559151BBFA8106995EAB27 /* Pods_Scoop.framework */ = {isa = PBXFileReference; explicitFileType = wrapper.framework; includeInIndex = 0; path = Pods_Scoop.framework; sourceTree = BUILT_PRODUCTS_DIR; };
		BF15AF781DAEAB3200E082B1 /* CommentTableView.swift */ = {isa = PBXFileReference; fileEncoding = 4; lastKnownFileType = sourcecode.swift; path = CommentTableView.swift; sourceTree = "<group>"; };
		BF15AF7C1DAEF34A00E082B1 /* NewComment.swift */ = {isa = PBXFileReference; fileEncoding = 4; lastKnownFileType = sourcecode.swift; path = NewComment.swift; sourceTree = "<group>"; };
		BF17ACB11DBD34E00033017F /* SettingsTableView.swift */ = {isa = PBXFileReference; fileEncoding = 4; lastKnownFileType = sourcecode.swift; path = SettingsTableView.swift; sourceTree = "<group>"; };
		BF17ACB31DBD34FD0033017F /* PrivacyPolicy.swift */ = {isa = PBXFileReference; fileEncoding = 4; lastKnownFileType = sourcecode.swift; path = PrivacyPolicy.swift; sourceTree = "<group>"; };
		BF17ACB51DBD350C0033017F /* TOS.swift */ = {isa = PBXFileReference; fileEncoding = 4; lastKnownFileType = sourcecode.swift; path = TOS.swift; sourceTree = "<group>"; };
		BF17ACB71DBD35190033017F /* Licenses.swift */ = {isa = PBXFileReference; fileEncoding = 4; lastKnownFileType = sourcecode.swift; path = Licenses.swift; sourceTree = "<group>"; };
		BF2DD1E01DB000EB00425412 /* Database.swift */ = {isa = PBXFileReference; fileEncoding = 4; lastKnownFileType = sourcecode.swift; path = Database.swift; sourceTree = "<group>"; };
		BF4AF2341DAD88BD00FD8430 /* ProfileTableView.swift */ = {isa = PBXFileReference; fileEncoding = 4; lastKnownFileType = sourcecode.swift; path = ProfileTableView.swift; sourceTree = "<group>"; };
		BF4AF2371DAD8C5B00FD8430 /* Global.swift */ = {isa = PBXFileReference; fileEncoding = 4; lastKnownFileType = sourcecode.swift; path = Global.swift; sourceTree = "<group>"; };
		BF4AF2391DADA50700FD8430 /* NewFeed.swift */ = {isa = PBXFileReference; fileEncoding = 4; lastKnownFileType = sourcecode.swift; path = NewFeed.swift; sourceTree = "<group>"; };
		BF67F5A31DBD3FBC0087065C /* Support.swift */ = {isa = PBXFileReference; fileEncoding = 4; lastKnownFileType = sourcecode.swift; path = Support.swift; sourceTree = "<group>"; };
		BFA8D4891DE16B1300E9674E /* ImageViewController.swift */ = {isa = PBXFileReference; fileEncoding = 4; lastKnownFileType = sourcecode.swift; path = ImageViewController.swift; sourceTree = "<group>"; };
		BFAC2DFC1DB528F1009BC187 /* MyReplies.swift */ = {isa = PBXFileReference; fileEncoding = 4; lastKnownFileType = sourcecode.swift; path = MyReplies.swift; sourceTree = "<group>"; };
		BFACA2371DE1276200FAAE57 /* QZCircleSegue.swift */ = {isa = PBXFileReference; fileEncoding = 4; lastKnownFileType = sourcecode.swift; path = QZCircleSegue.swift; sourceTree = "<group>"; };
		BFACA2391DE12ED400FAAE57 /* Image.swift */ = {isa = PBXFileReference; fileEncoding = 4; lastKnownFileType = sourcecode.swift; path = Image.swift; sourceTree = "<group>"; };
		BFB0635B1DB9397E0083BA30 /* Utility.swift */ = {isa = PBXFileReference; fileEncoding = 4; lastKnownFileType = sourcecode.swift; path = Utility.swift; sourceTree = "<group>"; };
		BFB6173E1DEA3452009C1ECB /* CaptionImage.swift */ = {isa = PBXFileReference; fileEncoding = 4; lastKnownFileType = sourcecode.swift; path = CaptionImage.swift; sourceTree = "<group>"; };
		BFB617401DEA4FA0009C1ECB /* IBExtention.swift */ = {isa = PBXFileReference; fileEncoding = 4; lastKnownFileType = sourcecode.swift; path = IBExtention.swift; sourceTree = "<group>"; };
		BFB617421DEA7823009C1ECB /* CaptionSelected.swift */ = {isa = PBXFileReference; fileEncoding = 4; lastKnownFileType = sourcecode.swift; path = CaptionSelected.swift; sourceTree = "<group>"; };
		BFBA3CAB1DE9495500FC1790 /* ImagePicked.swift */ = {isa = PBXFileReference; fileEncoding = 4; lastKnownFileType = sourcecode.swift; path = ImagePicked.swift; sourceTree = "<group>"; };
		BFBADD1A1DAB542D004CF6EF /* Scoop.app */ = {isa = PBXFileReference; explicitFileType = wrapper.application; includeInIndex = 0; path = Scoop.app; sourceTree = BUILT_PRODUCTS_DIR; };
		BFBADD1D1DAB542D004CF6EF /* AppDelegate.swift */ = {isa = PBXFileReference; lastKnownFileType = sourcecode.swift; path = AppDelegate.swift; sourceTree = "<group>"; };
		BFBADD221DAB542D004CF6EF /* Base */ = {isa = PBXFileReference; lastKnownFileType = file.storyboard; name = Base; path = Base.lproj/Main.storyboard; sourceTree = "<group>"; };
		BFBADD241DAB542D004CF6EF /* Assets.xcassets */ = {isa = PBXFileReference; lastKnownFileType = folder.assetcatalog; path = Assets.xcassets; sourceTree = "<group>"; };
		BFBADD271DAB542D004CF6EF /* Base */ = {isa = PBXFileReference; lastKnownFileType = file.storyboard; name = Base; path = Base.lproj/LaunchScreen.storyboard; sourceTree = "<group>"; };
		BFBADD291DAB542D004CF6EF /* Info.plist */ = {isa = PBXFileReference; lastKnownFileType = text.plist.xml; path = Info.plist; sourceTree = "<group>"; };
		BFBADD2E1DAB542D004CF6EF /* ScoopTests.xctest */ = {isa = PBXFileReference; explicitFileType = wrapper.cfbundle; includeInIndex = 0; path = ScoopTests.xctest; sourceTree = BUILT_PRODUCTS_DIR; };
		BFBADD321DAB542D004CF6EF /* MessageBoardTests.swift */ = {isa = PBXFileReference; lastKnownFileType = sourcecode.swift; path = MessageBoardTests.swift; sourceTree = "<group>"; };
		BFBADD341DAB542D004CF6EF /* Info.plist */ = {isa = PBXFileReference; lastKnownFileType = text.plist.xml; path = Info.plist; sourceTree = "<group>"; };
		BFBADD391DAB542D004CF6EF /* ScoopUITests.xctest */ = {isa = PBXFileReference; explicitFileType = wrapper.cfbundle; includeInIndex = 0; path = ScoopUITests.xctest; sourceTree = BUILT_PRODUCTS_DIR; };
		BFBADD3D1DAB542D004CF6EF /* MessageBoardUITests.swift */ = {isa = PBXFileReference; lastKnownFileType = sourcecode.swift; path = MessageBoardUITests.swift; sourceTree = "<group>"; };
		BFBADD3F1DAB542D004CF6EF /* Info.plist */ = {isa = PBXFileReference; lastKnownFileType = text.plist.xml; path = Info.plist; sourceTree = "<group>"; };
		BFBADD4F1DAB572C004CF6EF /* fontawesome-webfont.ttf */ = {isa = PBXFileReference; lastKnownFileType = file; path = "fontawesome-webfont.ttf"; sourceTree = "<group>"; };
		BFBADD531DAC0B82004CF6EF /* FeedTableView.swift */ = {isa = PBXFileReference; fileEncoding = 4; lastKnownFileType = sourcecode.swift; path = FeedTableView.swift; sourceTree = "<group>"; };
		BFBF625D1DB30B4B0075A8D7 /* Agree.swift */ = {isa = PBXFileReference; fileEncoding = 4; lastKnownFileType = sourcecode.swift; path = Agree.swift; sourceTree = "<group>"; };
		BFC6F45F1DBD774800737BE5 /* SCLAlertView.swift */ = {isa = PBXFileReference; fileEncoding = 4; lastKnownFileType = sourcecode.swift; path = SCLAlertView.swift; sourceTree = "<group>"; };
		BFC6F4601DBD774800737BE5 /* SCLExtensions.swift */ = {isa = PBXFileReference; fileEncoding = 4; lastKnownFileType = sourcecode.swift; path = SCLExtensions.swift; sourceTree = "<group>"; };
		BFCCC62D1DAD2C880017465E /* Podfile */ = {isa = PBXFileReference; fileEncoding = 4; lastKnownFileType = text; path = Podfile; sourceTree = "<group>"; xcLanguageSpecificationIdentifier = xcode.lang.ruby; };
		BFDB20071DC47669001AC5EF /* MessageBoard.entitlements */ = {isa = PBXFileReference; lastKnownFileType = text.plist.entitlements; path = MessageBoard.entitlements; sourceTree = "<group>"; };
		BFDB2B8B1DF1FE8100E329FD /* PugIcon.jpg */ = {isa = PBXFileReference; lastKnownFileType = image.jpeg; path = PugIcon.jpg; sourceTree = "<group>"; };
		BFEAEDB01E36A1E2000C6094 /* Extension.swift */ = {isa = PBXFileReference; fileEncoding = 4; lastKnownFileType = sourcecode.swift; path = Extension.swift; sourceTree = "<group>"; };
		BFEAEDB21E36A1F6000C6094 /* Camera.swift */ = {isa = PBXFileReference; fileEncoding = 4; lastKnownFileType = sourcecode.swift; path = Camera.swift; sourceTree = "<group>"; };
		BFEAEDB41E36A227000C6094 /* InitialTOS.swift */ = {isa = PBXFileReference; fileEncoding = 4; lastKnownFileType = sourcecode.swift; path = InitialTOS.swift; sourceTree = "<group>"; };
		BFEAEDB61E36A24B000C6094 /* InitialPrivacyPolicy.swift */ = {isa = PBXFileReference; fileEncoding = 4; lastKnownFileType = sourcecode.swift; path = InitialPrivacyPolicy.swift; sourceTree = "<group>"; };
		BFF4C49A1DEB8DB0009E2696 /* empty.png */ = {isa = PBXFileReference; lastKnownFileType = image.png; path = empty.png; sourceTree = "<group>"; };
		BFFA46EA1DB3318A00E5E745 /* MyPosts.swift */ = {isa = PBXFileReference; fileEncoding = 4; lastKnownFileType = sourcecode.swift; path = MyPosts.swift; sourceTree = "<group>"; };
		C37F53EFB891EF1658D275C8 /* Pods-Scoop.release.xcconfig */ = {isa = PBXFileReference; includeInIndex = 1; lastKnownFileType = text.xcconfig; name = "Pods-Scoop.release.xcconfig"; path = "Pods/Target Support Files/Pods-Scoop/Pods-Scoop.release.xcconfig"; sourceTree = "<group>"; };
		DD687F3C99229070986FB7A9 /* Pods-Scoop.debug.xcconfig */ = {isa = PBXFileReference; includeInIndex = 1; lastKnownFileType = text.xcconfig; name = "Pods-Scoop.debug.xcconfig"; path = "Pods/Target Support Files/Pods-Scoop/Pods-Scoop.debug.xcconfig"; sourceTree = "<group>"; };
/* End PBXFileReference section */

/* Begin PBXFrameworksBuildPhase section */
		BFBADD171DAB542D004CF6EF /* Frameworks */ = {
			isa = PBXFrameworksBuildPhase;
			buildActionMask = 2147483647;
			files = (
				D1D850E6DDAA9523D214DA6B /* Pods_Scoop.framework in Frameworks */,
			);
			runOnlyForDeploymentPostprocessing = 0;
		};
		BFBADD2B1DAB542D004CF6EF /* Frameworks */ = {
			isa = PBXFrameworksBuildPhase;
			buildActionMask = 2147483647;
			files = (
			);
			runOnlyForDeploymentPostprocessing = 0;
		};
		BFBADD361DAB542D004CF6EF /* Frameworks */ = {
			isa = PBXFrameworksBuildPhase;
			buildActionMask = 2147483647;
			files = (
			);
			runOnlyForDeploymentPostprocessing = 0;
		};
/* End PBXFrameworksBuildPhase section */

/* Begin PBXGroup section */
		031C5A0C3A62E041E69441B2 /* Frameworks */ = {
			isa = PBXGroup;
			children = (
				32559151BBFA8106995EAB27 /* Pods_Scoop.framework */,
			);
			name = Frameworks;
			sourceTree = "<group>";
		};
		21E6CDBC8B57810357C952BD /* Pods */ = {
			isa = PBXGroup;
			children = (
				DD687F3C99229070986FB7A9 /* Pods-Scoop.debug.xcconfig */,
				C37F53EFB891EF1658D275C8 /* Pods-Scoop.release.xcconfig */,
			);
			name = Pods;
			sourceTree = "<group>";
		};
		BF17ACB01DBD34C30033017F /* Settings */ = {
			isa = PBXGroup;
			children = (
				BF17ACB11DBD34E00033017F /* SettingsTableView.swift */,
				BF67F5A31DBD3FBC0087065C /* Support.swift */,
				BF17ACB31DBD34FD0033017F /* PrivacyPolicy.swift */,
				BF17ACB51DBD350C0033017F /* TOS.swift */,
				BF17ACB71DBD35190033017F /* Licenses.swift */,
				BFEAEDB41E36A227000C6094 /* InitialTOS.swift */,
				BFEAEDB61E36A24B000C6094 /* InitialPrivacyPolicy.swift */,
			);
			name = Settings;
			sourceTree = "<group>";
		};
		BF4AF2361DAD8C3800FD8430 /* Structure */ = {
			isa = PBXGroup;
			children = (
				BF4AF2371DAD8C5B00FD8430 /* Global.swift */,
				BFEAEDB01E36A1E2000C6094 /* Extension.swift */,
				BF2DD1E01DB000EB00425412 /* Database.swift */,
				BFB0635B1DB9397E0083BA30 /* Utility.swift */,
				BFACA2371DE1276200FAAE57 /* QZCircleSegue.swift */,
			);
			name = Structure;
			sourceTree = "<group>";
		};
		BFAC2DF91DB52890009BC187 /* Feed */ = {
			isa = PBXGroup;
			children = (
				BFBADD531DAC0B82004CF6EF /* FeedTableView.swift */,
				BF4AF2391DADA50700FD8430 /* NewFeed.swift */,
			);
			name = Feed;
			sourceTree = "<group>";
		};
		BFAC2DFA1DB528A1009BC187 /* Comment */ = {
			isa = PBXGroup;
			children = (
				BF15AF781DAEAB3200E082B1 /* CommentTableView.swift */,
				BF15AF7C1DAEF34A00E082B1 /* NewComment.swift */,
			);
			name = Comment;
			sourceTree = "<group>";
		};
		BFAC2DFB1DB528D5009BC187 /* Profile */ = {
			isa = PBXGroup;
			children = (
				BF4AF2341DAD88BD00FD8430 /* ProfileTableView.swift */,
				BFFA46EA1DB3318A00E5E745 /* MyPosts.swift */,
				BFAC2DFC1DB528F1009BC187 /* MyReplies.swift */,
			);
			name = Profile;
			sourceTree = "<group>";
		};
		BFACA23D1DE15B9500FAAE57 /* Camera */ = {
			isa = PBXGroup;
			children = (
				BFEAEDB21E36A1F6000C6094 /* Camera.swift */,
				BFACA2391DE12ED400FAAE57 /* Image.swift */,
				BFA8D4891DE16B1300E9674E /* ImageViewController.swift */,
				BFBA3CAB1DE9495500FC1790 /* ImagePicked.swift */,
				BFB6173E1DEA3452009C1ECB /* CaptionImage.swift */,
				BFB617421DEA7823009C1ECB /* CaptionSelected.swift */,
			);
			name = Camera;
			sourceTree = "<group>";
		};
		BFBADD111DAB542C004CF6EF = {
			isa = PBXGroup;
			children = (
				BFCCC62D1DAD2C880017465E /* Podfile */,
				BFBADD1C1DAB542D004CF6EF /* MessageBoard */,
				BFBADD311DAB542D004CF6EF /* MessageBoardTests */,
				BFBADD3C1DAB542D004CF6EF /* MessageBoardUITests */,
				BFBADD1B1DAB542D004CF6EF /* Products */,
				21E6CDBC8B57810357C952BD /* Pods */,
				031C5A0C3A62E041E69441B2 /* Frameworks */,
			);
			sourceTree = "<group>";
		};
		BFBADD1B1DAB542D004CF6EF /* Products */ = {
			isa = PBXGroup;
			children = (
				BFBADD1A1DAB542D004CF6EF /* Scoop.app */,
				BFBADD2E1DAB542D004CF6EF /* ScoopTests.xctest */,
				BFBADD391DAB542D004CF6EF /* ScoopUITests.xctest */,
			);
			name = Products;
			sourceTree = "<group>";
		};
		BFBADD1C1DAB542D004CF6EF /* MessageBoard */ = {
			isa = PBXGroup;
			children = (
				BFDB20071DC47669001AC5EF /* MessageBoard.entitlements */,
				BFBADD291DAB542D004CF6EF /* Info.plist */,
				BF4AF2361DAD8C3800FD8430 /* Structure */,
				BFBADD4E1DAB5702004CF6EF /* Main */,
				BFBADD4B1DAB56CC004CF6EF /* Interface */,
				BFBADD4D1DAB56DB004CF6EF /* Image */,
				BFBADD4C1DAB56D4004CF6EF /* Support */,
			);
			path = MessageBoard;
			sourceTree = "<group>";
		};
		BFBADD311DAB542D004CF6EF /* MessageBoardTests */ = {
			isa = PBXGroup;
			children = (
				BFBADD321DAB542D004CF6EF /* MessageBoardTests.swift */,
				BFBADD341DAB542D004CF6EF /* Info.plist */,
			);
			path = MessageBoardTests;
			sourceTree = "<group>";
		};
		BFBADD3C1DAB542D004CF6EF /* MessageBoardUITests */ = {
			isa = PBXGroup;
			children = (
				BFBADD3D1DAB542D004CF6EF /* MessageBoardUITests.swift */,
				BFBADD3F1DAB542D004CF6EF /* Info.plist */,
			);
			path = MessageBoardUITests;
			sourceTree = "<group>";
		};
		BFBADD4B1DAB56CC004CF6EF /* Interface */ = {
			isa = PBXGroup;
			children = (
				BFBADD211DAB542D004CF6EF /* Main.storyboard */,
				BFBADD261DAB542D004CF6EF /* LaunchScreen.storyboard */,
			);
			name = Interface;
			sourceTree = "<group>";
		};
		BFBADD4C1DAB56D4004CF6EF /* Support */ = {
			isa = PBXGroup;
			children = (
				BFC6F45E1DBD773900737BE5 /* SCLAlert */,
				BFBADD1D1DAB542D004CF6EF /* AppDelegate.swift */,
				BFBF625D1DB30B4B0075A8D7 /* Agree.swift */,
				BFB617401DEA4FA0009C1ECB /* IBExtention.swift */,
			);
			name = Support;
			sourceTree = "<group>";
		};
		BFBADD4D1DAB56DB004CF6EF /* Image */ = {
			isa = PBXGroup;
			children = (
				BFDB2B8B1DF1FE8100E329FD /* PugIcon.jpg */,
				BFF4C49A1DEB8DB0009E2696 /* empty.png */,
				BFBADD4F1DAB572C004CF6EF /* fontawesome-webfont.ttf */,
				BFBADD241DAB542D004CF6EF /* Assets.xcassets */,
			);
			name = Image;
			sourceTree = "<group>";
		};
		BFBADD4E1DAB5702004CF6EF /* Main */ = {
			isa = PBXGroup;
			children = (
				BFACA23D1DE15B9500FAAE57 /* Camera */,
				BFAC2DF91DB52890009BC187 /* Feed */,
				BFAC2DFA1DB528A1009BC187 /* Comment */,
				BFAC2DFB1DB528D5009BC187 /* Profile */,
				BF17ACB01DBD34C30033017F /* Settings */,
			);
			name = Main;
			sourceTree = "<group>";
		};
		BFC6F45E1DBD773900737BE5 /* SCLAlert */ = {
			isa = PBXGroup;
			children = (
				BFC6F45F1DBD774800737BE5 /* SCLAlertView.swift */,
				BFC6F4601DBD774800737BE5 /* SCLExtensions.swift */,
			);
			name = SCLAlert;
			sourceTree = "<group>";
		};
/* End PBXGroup section */

/* Begin PBXNativeTarget section */
		BFBADD191DAB542D004CF6EF /* Scoop */ = {
			isa = PBXNativeTarget;
			buildConfigurationList = BFBADD421DAB542D004CF6EF /* Build configuration list for PBXNativeTarget "Scoop" */;
			buildPhases = (
				2DC89135A3ACF4709C1EB505 /* [CP] Check Pods Manifest.lock */,
				BFBADD161DAB542D004CF6EF /* Sources */,
				BFBADD171DAB542D004CF6EF /* Frameworks */,
				BFBADD181DAB542D004CF6EF /* Resources */,
				53E281285A0D5DC0E24296A7 /* [CP] Embed Pods Frameworks */,
				7CF854C45089821328100A27 /* [CP] Copy Pods Resources */,
			);
			buildRules = (
			);
			dependencies = (
			);
			name = Scoop;
			productName = MessageBoard;
			productReference = BFBADD1A1DAB542D004CF6EF /* Scoop.app */;
			productType = "com.apple.product-type.application";
		};
		BFBADD2D1DAB542D004CF6EF /* ScoopTests */ = {
			isa = PBXNativeTarget;
			buildConfigurationList = BFBADD451DAB542D004CF6EF /* Build configuration list for PBXNativeTarget "ScoopTests" */;
			buildPhases = (
				BFBADD2A1DAB542D004CF6EF /* Sources */,
				BFBADD2B1DAB542D004CF6EF /* Frameworks */,
				BFBADD2C1DAB542D004CF6EF /* Resources */,
			);
			buildRules = (
			);
			dependencies = (
				BFBADD301DAB542D004CF6EF /* PBXTargetDependency */,
			);
			name = ScoopTests;
			productName = MessageBoardTests;
			productReference = BFBADD2E1DAB542D004CF6EF /* ScoopTests.xctest */;
			productType = "com.apple.product-type.bundle.unit-test";
		};
		BFBADD381DAB542D004CF6EF /* ScoopUITests */ = {
			isa = PBXNativeTarget;
			buildConfigurationList = BFBADD481DAB542D004CF6EF /* Build configuration list for PBXNativeTarget "ScoopUITests" */;
			buildPhases = (
				BFBADD351DAB542D004CF6EF /* Sources */,
				BFBADD361DAB542D004CF6EF /* Frameworks */,
				BFBADD371DAB542D004CF6EF /* Resources */,
			);
			buildRules = (
			);
			dependencies = (
				BFBADD3B1DAB542D004CF6EF /* PBXTargetDependency */,
			);
			name = ScoopUITests;
			productName = MessageBoardUITests;
			productReference = BFBADD391DAB542D004CF6EF /* ScoopUITests.xctest */;
			productType = "com.apple.product-type.bundle.ui-testing";
		};
/* End PBXNativeTarget section */

/* Begin PBXProject section */
		BFBADD121DAB542C004CF6EF /* Project object */ = {
			isa = PBXProject;
			attributes = {
				LastSwiftUpdateCheck = 0800;
				LastUpgradeCheck = 0820;
				ORGANIZATIONNAME = Ampe;
				TargetAttributes = {
					BFBADD191DAB542D004CF6EF = {
						CreatedOnToolsVersion = 8.0;
						DevelopmentTeam = E7AGR9GU94;
						ProvisioningStyle = Automatic;
						SystemCapabilities = {
							com.apple.BackgroundModes = {
								enabled = 1;
							};
							com.apple.Keychain = {
								enabled = 1;
							};
							com.apple.Push = {
								enabled = 1;
							};
						};
					};
					BFBADD2D1DAB542D004CF6EF = {
						CreatedOnToolsVersion = 8.0;
						ProvisioningStyle = Automatic;
						TestTargetID = BFBADD191DAB542D004CF6EF;
					};
					BFBADD381DAB542D004CF6EF = {
						CreatedOnToolsVersion = 8.0;
						ProvisioningStyle = Automatic;
						TestTargetID = BFBADD191DAB542D004CF6EF;
					};
				};
			};
			buildConfigurationList = BFBADD151DAB542C004CF6EF /* Build configuration list for PBXProject "Scoop" */;
			compatibilityVersion = "Xcode 3.2";
			developmentRegion = English;
			hasScannedForEncodings = 0;
			knownRegions = (
				en,
				Base,
			);
			mainGroup = BFBADD111DAB542C004CF6EF;
			productRefGroup = BFBADD1B1DAB542D004CF6EF /* Products */;
			projectDirPath = "";
			projectRoot = "";
			targets = (
				BFBADD191DAB542D004CF6EF /* Scoop */,
				BFBADD2D1DAB542D004CF6EF /* ScoopTests */,
				BFBADD381DAB542D004CF6EF /* ScoopUITests */,
			);
		};
/* End PBXProject section */

/* Begin PBXResourcesBuildPhase section */
		BFBADD181DAB542D004CF6EF /* Resources */ = {
			isa = PBXResourcesBuildPhase;
			buildActionMask = 2147483647;
			files = (
				BFCCC62E1DAD2C880017465E /* Podfile in Resources */,
				BFBADD281DAB542D004CF6EF /* LaunchScreen.storyboard in Resources */,
				BFDB2B8C1DF1FE8100E329FD /* PugIcon.jpg in Resources */,
				BFBADD501DAB572C004CF6EF /* fontawesome-webfont.ttf in Resources */,
				BFF4C49B1DEB8DB0009E2696 /* empty.png in Resources */,
				BFBADD251DAB542D004CF6EF /* Assets.xcassets in Resources */,
				BFBADD231DAB542D004CF6EF /* Main.storyboard in Resources */,
			);
			runOnlyForDeploymentPostprocessing = 0;
		};
		BFBADD2C1DAB542D004CF6EF /* Resources */ = {
			isa = PBXResourcesBuildPhase;
			buildActionMask = 2147483647;
			files = (
			);
			runOnlyForDeploymentPostprocessing = 0;
		};
		BFBADD371DAB542D004CF6EF /* Resources */ = {
			isa = PBXResourcesBuildPhase;
			buildActionMask = 2147483647;
			files = (
			);
			runOnlyForDeploymentPostprocessing = 0;
		};
/* End PBXResourcesBuildPhase section */

/* Begin PBXShellScriptBuildPhase section */
		2DC89135A3ACF4709C1EB505 /* [CP] Check Pods Manifest.lock */ = {
			isa = PBXShellScriptBuildPhase;
			buildActionMask = 2147483647;
			files = (
			);
			inputPaths = (
			);
			name = "[CP] Check Pods Manifest.lock";
			outputPaths = (
			);
			runOnlyForDeploymentPostprocessing = 0;
			shellPath = /bin/sh;
			shellScript = "diff \"${PODS_ROOT}/../Podfile.lock\" \"${PODS_ROOT}/Manifest.lock\" > /dev/null\nif [ $? != 0 ] ; then\n    # print error to STDERR\n    echo \"error: The sandbox is not in sync with the Podfile.lock. Run 'pod install' or update your CocoaPods installation.\" >&2\n    exit 1\nfi\n";
			showEnvVarsInLog = 0;
		};
		53E281285A0D5DC0E24296A7 /* [CP] Embed Pods Frameworks */ = {
			isa = PBXShellScriptBuildPhase;
			buildActionMask = 2147483647;
			files = (
			);
			inputPaths = (
			);
			name = "[CP] Embed Pods Frameworks";
			outputPaths = (
			);
			runOnlyForDeploymentPostprocessing = 0;
			shellPath = /bin/sh;
			shellScript = "\"${SRCROOT}/Pods/Target Support Files/Pods-Scoop/Pods-Scoop-frameworks.sh\"\n";
			showEnvVarsInLog = 0;
		};
		7CF854C45089821328100A27 /* [CP] Copy Pods Resources */ = {
			isa = PBXShellScriptBuildPhase;
			buildActionMask = 2147483647;
			files = (
			);
			inputPaths = (
			);
			name = "[CP] Copy Pods Resources";
			outputPaths = (
			);
			runOnlyForDeploymentPostprocessing = 0;
			shellPath = /bin/sh;
			shellScript = "\"${SRCROOT}/Pods/Target Support Files/Pods-Scoop/Pods-Scoop-resources.sh\"\n";
			showEnvVarsInLog = 0;
		};
/* End PBXShellScriptBuildPhase section */

/* Begin PBXSourcesBuildPhase section */
		BFBADD161DAB542D004CF6EF /* Sources */ = {
			isa = PBXSourcesBuildPhase;
			buildActionMask = 2147483647;
			files = (
				BF17ACB21DBD34E00033017F /* SettingsTableView.swift in Sources */,
				BFB617411DEA4FA0009C1ECB /* IBExtention.swift in Sources */,
				BFB0635C1DB9397E0083BA30 /* Utility.swift in Sources */,
				BFEAEDB71E36A24B000C6094 /* InitialPrivacyPolicy.swift in Sources */,
				BFB6173F1DEA3452009C1ECB /* CaptionImage.swift in Sources */,
				BF2DD1E11DB000EB00425412 /* Database.swift in Sources */,
				BFC6F4611DBD774800737BE5 /* SCLAlertView.swift in Sources */,
				BFBADD541DAC0B82004CF6EF /* FeedTableView.swift in Sources */,
				BFBF625E1DB30B4B0075A8D7 /* Agree.swift in Sources */,
				BF4AF2381DAD8C5B00FD8430 /* Global.swift in Sources */,
				BFAC2DFD1DB528F1009BC187 /* MyReplies.swift in Sources */,
				BFACA23A1DE12ED400FAAE57 /* Image.swift in Sources */,
				BFFA46EB1DB3318A00E5E745 /* MyPosts.swift in Sources */,
				BF15AF7D1DAEF34A00E082B1 /* NewComment.swift in Sources */,
				BFBA3CAC1DE9495500FC1790 /* ImagePicked.swift in Sources */,
				BFEAEDB11E36A1E2000C6094 /* Extension.swift in Sources */,
				BF17ACB61DBD350C0033017F /* TOS.swift in Sources */,
				BFC6F4621DBD774800737BE5 /* SCLExtensions.swift in Sources */,
				BF17ACB41DBD34FD0033017F /* PrivacyPolicy.swift in Sources */,
				BF4AF23A1DADA50700FD8430 /* NewFeed.swift in Sources */,
				BFBADD1E1DAB542D004CF6EF /* AppDelegate.swift in Sources */,
				BF4AF2351DAD88BD00FD8430 /* ProfileTableView.swift in Sources */,
				BF17ACB81DBD35190033017F /* Licenses.swift in Sources */,
				BF15AF791DAEAB3200E082B1 /* CommentTableView.swift in Sources */,
				BF67F5A41DBD3FBC0087065C /* Support.swift in Sources */,
				BFEAEDB51E36A227000C6094 /* InitialTOS.swift in Sources */,
				BFEAEDB31E36A1F6000C6094 /* Camera.swift in Sources */,
				BFA8D48A1DE16B1300E9674E /* ImageViewController.swift in Sources */,
				BFACA2381DE1276200FAAE57 /* QZCircleSegue.swift in Sources */,
				BFB617431DEA7823009C1ECB /* CaptionSelected.swift in Sources */,
			);
			runOnlyForDeploymentPostprocessing = 0;
		};
		BFBADD2A1DAB542D004CF6EF /* Sources */ = {
			isa = PBXSourcesBuildPhase;
			buildActionMask = 2147483647;
			files = (
				BFBADD331DAB542D004CF6EF /* MessageBoardTests.swift in Sources */,
			);
			runOnlyForDeploymentPostprocessing = 0;
		};
		BFBADD351DAB542D004CF6EF /* Sources */ = {
			isa = PBXSourcesBuildPhase;
			buildActionMask = 2147483647;
			files = (
				BFBADD3E1DAB542D004CF6EF /* MessageBoardUITests.swift in Sources */,
			);
			runOnlyForDeploymentPostprocessing = 0;
		};
/* End PBXSourcesBuildPhase section */

/* Begin PBXTargetDependency section */
		BFBADD301DAB542D004CF6EF /* PBXTargetDependency */ = {
			isa = PBXTargetDependency;
			target = BFBADD191DAB542D004CF6EF /* Scoop */;
			targetProxy = BFBADD2F1DAB542D004CF6EF /* PBXContainerItemProxy */;
		};
		BFBADD3B1DAB542D004CF6EF /* PBXTargetDependency */ = {
			isa = PBXTargetDependency;
			target = BFBADD191DAB542D004CF6EF /* Scoop */;
			targetProxy = BFBADD3A1DAB542D004CF6EF /* PBXContainerItemProxy */;
		};
/* End PBXTargetDependency section */

/* Begin PBXVariantGroup section */
		BFBADD211DAB542D004CF6EF /* Main.storyboard */ = {
			isa = PBXVariantGroup;
			children = (
				BFBADD221DAB542D004CF6EF /* Base */,
			);
			name = Main.storyboard;
			sourceTree = "<group>";
		};
		BFBADD261DAB542D004CF6EF /* LaunchScreen.storyboard */ = {
			isa = PBXVariantGroup;
			children = (
				BFBADD271DAB542D004CF6EF /* Base */,
			);
			name = LaunchScreen.storyboard;
			sourceTree = "<group>";
		};
/* End PBXVariantGroup section */

/* Begin XCBuildConfiguration section */
		BFBADD401DAB542D004CF6EF /* Debug */ = {
			isa = XCBuildConfiguration;
			buildSettings = {
				ALWAYS_SEARCH_USER_PATHS = NO;
				CLANG_ANALYZER_NONNULL = YES;
				CLANG_CXX_LANGUAGE_STANDARD = "gnu++0x";
				CLANG_CXX_LIBRARY = "libc++";
				CLANG_ENABLE_MODULES = YES;
				CLANG_ENABLE_OBJC_ARC = YES;
				CLANG_WARN_BOOL_CONVERSION = YES;
				CLANG_WARN_CONSTANT_CONVERSION = YES;
				CLANG_WARN_DIRECT_OBJC_ISA_USAGE = YES_ERROR;
				CLANG_WARN_DOCUMENTATION_COMMENTS = YES;
				CLANG_WARN_EMPTY_BODY = YES;
				CLANG_WARN_ENUM_CONVERSION = YES;
				CLANG_WARN_INFINITE_RECURSION = YES;
				CLANG_WARN_INT_CONVERSION = YES;
				CLANG_WARN_OBJC_ROOT_CLASS = YES_ERROR;
				CLANG_WARN_SUSPICIOUS_MOVE = YES;
				CLANG_WARN_SUSPICIOUS_MOVES = YES;
				CLANG_WARN_UNREACHABLE_CODE = YES;
				CLANG_WARN__DUPLICATE_METHOD_MATCH = YES;
				"CODE_SIGN_IDENTITY[sdk=iphoneos*]" = "iPhone Developer";
				COPY_PHASE_STRIP = NO;
				DEBUG_INFORMATION_FORMAT = dwarf;
				ENABLE_STRICT_OBJC_MSGSEND = YES;
				ENABLE_TESTABILITY = YES;
				GCC_C_LANGUAGE_STANDARD = gnu99;
				GCC_DYNAMIC_NO_PIC = NO;
				GCC_NO_COMMON_BLOCKS = YES;
				GCC_OPTIMIZATION_LEVEL = 0;
				GCC_PREPROCESSOR_DEFINITIONS = (
					"DEBUG=1",
					"$(inherited)",
				);
				GCC_WARN_64_TO_32_BIT_CONVERSION = YES;
				GCC_WARN_ABOUT_RETURN_TYPE = YES_ERROR;
				GCC_WARN_UNDECLARED_SELECTOR = YES;
				GCC_WARN_UNINITIALIZED_AUTOS = YES_AGGRESSIVE;
				GCC_WARN_UNUSED_FUNCTION = YES;
				GCC_WARN_UNUSED_VARIABLE = YES;
				IPHONEOS_DEPLOYMENT_TARGET = 8.0;
				MTL_ENABLE_DEBUG_INFO = YES;
				ONLY_ACTIVE_ARCH = YES;
				SDKROOT = iphoneos;
				SWIFT_ACTIVE_COMPILATION_CONDITIONS = DEBUG;
				SWIFT_OPTIMIZATION_LEVEL = "-Onone";
				TARGETED_DEVICE_FAMILY = "1,2";
			};
			name = Debug;
		};
		BFBADD411DAB542D004CF6EF /* Release */ = {
			isa = XCBuildConfiguration;
			buildSettings = {
				ALWAYS_SEARCH_USER_PATHS = NO;
				CLANG_ANALYZER_NONNULL = YES;
				CLANG_CXX_LANGUAGE_STANDARD = "gnu++0x";
				CLANG_CXX_LIBRARY = "libc++";
				CLANG_ENABLE_MODULES = YES;
				CLANG_ENABLE_OBJC_ARC = YES;
				CLANG_WARN_BOOL_CONVERSION = YES;
				CLANG_WARN_CONSTANT_CONVERSION = YES;
				CLANG_WARN_DIRECT_OBJC_ISA_USAGE = YES_ERROR;
				CLANG_WARN_DOCUMENTATION_COMMENTS = YES;
				CLANG_WARN_EMPTY_BODY = YES;
				CLANG_WARN_ENUM_CONVERSION = YES;
				CLANG_WARN_INFINITE_RECURSION = YES;
				CLANG_WARN_INT_CONVERSION = YES;
				CLANG_WARN_OBJC_ROOT_CLASS = YES_ERROR;
				CLANG_WARN_SUSPICIOUS_MOVE = YES;
				CLANG_WARN_SUSPICIOUS_MOVES = YES;
				CLANG_WARN_UNREACHABLE_CODE = YES;
				CLANG_WARN__DUPLICATE_METHOD_MATCH = YES;
				"CODE_SIGN_IDENTITY[sdk=iphoneos*]" = "iPhone Developer";
				COPY_PHASE_STRIP = NO;
				DEBUG_INFORMATION_FORMAT = "dwarf-with-dsym";
				ENABLE_NS_ASSERTIONS = NO;
				ENABLE_STRICT_OBJC_MSGSEND = YES;
				GCC_C_LANGUAGE_STANDARD = gnu99;
				GCC_NO_COMMON_BLOCKS = YES;
				GCC_WARN_64_TO_32_BIT_CONVERSION = YES;
				GCC_WARN_ABOUT_RETURN_TYPE = YES_ERROR;
				GCC_WARN_UNDECLARED_SELECTOR = YES;
				GCC_WARN_UNINITIALIZED_AUTOS = YES_AGGRESSIVE;
				GCC_WARN_UNUSED_FUNCTION = YES;
				GCC_WARN_UNUSED_VARIABLE = YES;
				IPHONEOS_DEPLOYMENT_TARGET = 8.0;
				MTL_ENABLE_DEBUG_INFO = NO;
				SDKROOT = iphoneos;
				SWIFT_OPTIMIZATION_LEVEL = "-Owholemodule";
				TARGETED_DEVICE_FAMILY = "1,2";
				VALIDATE_PRODUCT = YES;
			};
			name = Release;
		};
		BFBADD431DAB542D004CF6EF /* Debug */ = {
			isa = XCBuildConfiguration;
			baseConfigurationReference = DD687F3C99229070986FB7A9 /* Pods-Scoop.debug.xcconfig */;
			buildSettings = {
				ALWAYS_EMBED_SWIFT_STANDARD_LIBRARIES = YES;
				ASSETCATALOG_COMPILER_APPICON_NAME = AppIcon;
				CODE_SIGN_ENTITLEMENTS = MessageBoard/MessageBoard.entitlements;
				"CODE_SIGN_IDENTITY[sdk=iphoneos*]" = "iPhone Developer";
				DEVELOPMENT_TEAM = E7AGR9GU94;
				INFOPLIST_FILE = MessageBoard/Info.plist;
				IPHONEOS_DEPLOYMENT_TARGET = 8.0;
				LD_RUNPATH_SEARCH_PATHS = "$(inherited) @executable_path/Frameworks";
				PRODUCT_BUNDLE_IDENTIFIER = net.ampechristian.Scoop;
				PRODUCT_NAME = "$(TARGET_NAME)";
				SWIFT_VERSION = 3.0;
				TARGETED_DEVICE_FAMILY = 1;
			};
			name = Debug;
		};
		BFBADD441DAB542D004CF6EF /* Release */ = {
			isa = XCBuildConfiguration;
			baseConfigurationReference = C37F53EFB891EF1658D275C8 /* Pods-Scoop.release.xcconfig */;
			buildSettings = {
				ALWAYS_EMBED_SWIFT_STANDARD_LIBRARIES = YES;
				ASSETCATALOG_COMPILER_APPICON_NAME = AppIcon;
				CODE_SIGN_ENTITLEMENTS = MessageBoard/MessageBoard.entitlements;
				"CODE_SIGN_IDENTITY[sdk=iphoneos*]" = "iPhone Developer";
				DEVELOPMENT_TEAM = E7AGR9GU94;
				INFOPLIST_FILE = MessageBoard/Info.plist;
				IPHONEOS_DEPLOYMENT_TARGET = 8.0;
				LD_RUNPATH_SEARCH_PATHS = "$(inherited) @executable_path/Frameworks";
				PRODUCT_BUNDLE_IDENTIFIER = net.ampechristian.Scoop;
				PRODUCT_NAME = "$(TARGET_NAME)";
				SWIFT_VERSION = 3.0;
				TARGETED_DEVICE_FAMILY = 1;
			};
			name = Release;
		};
		BFBADD461DAB542D004CF6EF /* Debug */ = {
			isa = XCBuildConfiguration;
			buildSettings = {
				ALWAYS_EMBED_SWIFT_STANDARD_LIBRARIES = YES;
				BUNDLE_LOADER = "$(TEST_HOST)";
				INFOPLIST_FILE = MessageBoardTests/Info.plist;
				LD_RUNPATH_SEARCH_PATHS = "$(inherited) @executable_path/Frameworks @loader_path/Frameworks";
				PRODUCT_BUNDLE_IDENTIFIER = Ampe.MessageBoardTests;
				PRODUCT_NAME = "$(TARGET_NAME)";
				SWIFT_VERSION = 3.0;
				TEST_HOST = "$(BUILT_PRODUCTS_DIR)/Scoop.app/Scoop";
			};
			name = Debug;
		};
		BFBADD471DAB542D004CF6EF /* Release */ = {
			isa = XCBuildConfiguration;
			buildSettings = {
				ALWAYS_EMBED_SWIFT_STANDARD_LIBRARIES = YES;
				BUNDLE_LOADER = "$(TEST_HOST)";
				INFOPLIST_FILE = MessageBoardTests/Info.plist;
				LD_RUNPATH_SEARCH_PATHS = "$(inherited) @executable_path/Frameworks @loader_path/Frameworks";
				PRODUCT_BUNDLE_IDENTIFIER = Ampe.MessageBoardTests;
				PRODUCT_NAME = "$(TARGET_NAME)";
				SWIFT_VERSION = 3.0;
				TEST_HOST = "$(BUILT_PRODUCTS_DIR)/Scoop.app/Scoop";
			};
			name = Release;
		};
		BFBADD491DAB542D004CF6EF /* Debug */ = {
			isa = XCBuildConfiguration;
			buildSettings = {
				ALWAYS_EMBED_SWIFT_STANDARD_LIBRARIES = YES;
				INFOPLIST_FILE = MessageBoardUITests/Info.plist;
				LD_RUNPATH_SEARCH_PATHS = "$(inherited) @executable_path/Frameworks @loader_path/Frameworks";
				PRODUCT_BUNDLE_IDENTIFIER = Ampe.MessageBoardUITests;
				PRODUCT_NAME = "$(TARGET_NAME)";
				SWIFT_VERSION = 3.0;
				TEST_TARGET_NAME = MessageBoard;
			};
			name = Debug;
		};
		BFBADD4A1DAB542D004CF6EF /* Release */ = {
			isa = XCBuildConfiguration;
			buildSettings = {
				ALWAYS_EMBED_SWIFT_STANDARD_LIBRARIES = YES;
				INFOPLIST_FILE = MessageBoardUITests/Info.plist;
				LD_RUNPATH_SEARCH_PATHS = "$(inherited) @executable_path/Frameworks @loader_path/Frameworks";
				PRODUCT_BUNDLE_IDENTIFIER = Ampe.MessageBoardUITests;
				PRODUCT_NAME = "$(TARGET_NAME)";
				SWIFT_VERSION = 3.0;
				TEST_TARGET_NAME = MessageBoard;
			};
			name = Release;
		};
/* End XCBuildConfiguration section */

/* Begin XCConfigurationList section */
		BFBADD151DAB542C004CF6EF /* Build configuration list for PBXProject "Scoop" */ = {
			isa = XCConfigurationList;
			buildConfigurations = (
				BFBADD401DAB542D004CF6EF /* Debug */,
				BFBADD411DAB542D004CF6EF /* Release */,
			);
			defaultConfigurationIsVisible = 0;
			defaultConfigurationName = Release;
		};
		BFBADD421DAB542D004CF6EF /* Build configuration list for PBXNativeTarget "Scoop" */ = {
			isa = XCConfigurationList;
			buildConfigurations = (
				BFBADD431DAB542D004CF6EF /* Debug */,
				BFBADD441DAB542D004CF6EF /* Release */,
			);
			defaultConfigurationIsVisible = 0;
			defaultConfigurationName = Release;
		};
		BFBADD451DAB542D004CF6EF /* Build configuration list for PBXNativeTarget "ScoopTests" */ = {
			isa = XCConfigurationList;
			buildConfigurations = (
				BFBADD461DAB542D004CF6EF /* Debug */,
				BFBADD471DAB542D004CF6EF /* Release */,
			);
			defaultConfigurationIsVisible = 0;
			defaultConfigurationName = Release;
		};
		BFBADD481DAB542D004CF6EF /* Build configuration list for PBXNativeTarget "ScoopUITests" */ = {
			isa = XCConfigurationList;
			buildConfigurations = (
				BFBADD491DAB542D004CF6EF /* Debug */,
				BFBADD4A1DAB542D004CF6EF /* Release */,
			);
			defaultConfigurationIsVisible = 0;
			defaultConfigurationName = Release;
		};
/* End XCConfigurationList section */
	};
	rootObject = BFBADD121DAB542C004CF6EF /* Project object */;
}
