// !$*UTF8*$!
{
	archiveVersion = 1;
	classes = {
	};
	objectVersion = 46;
	objects = {

/* Begin PBXBuildFile section */
		BFBADD1E1DAB542D004CF6EF /* AppDelegate.swift in Sources */ = {isa = PBXBuildFile; fileRef = BFBADD1D1DAB542D004CF6EF /* AppDelegate.swift */; };
		BFBADD201DAB542D004CF6EF /* ViewController.swift in Sources */ = {isa = PBXBuildFile; fileRef = BFBADD1F1DAB542D004CF6EF /* ViewController.swift */; };
		BFBADD231DAB542D004CF6EF /* Main.storyboard in Resources */ = {isa = PBXBuildFile; fileRef = BFBADD211DAB542D004CF6EF /* Main.storyboard */; };
		BFBADD251DAB542D004CF6EF /* Assets.xcassets in Resources */ = {isa = PBXBuildFile; fileRef = BFBADD241DAB542D004CF6EF /* Assets.xcassets */; };
		BFBADD281DAB542D004CF6EF /* LaunchScreen.storyboard in Resources */ = {isa = PBXBuildFile; fileRef = BFBADD261DAB542D004CF6EF /* LaunchScreen.storyboard */; };
		BFBADD331DAB542D004CF6EF /* MessageBoardTests.swift in Sources */ = {isa = PBXBuildFile; fileRef = BFBADD321DAB542D004CF6EF /* MessageBoardTests.swift */; };
		BFBADD3E1DAB542D004CF6EF /* MessageBoardUITests.swift in Sources */ = {isa = PBXBuildFile; fileRef = BFBADD3D1DAB542D004CF6EF /* MessageBoardUITests.swift */; };
/* End PBXBuildFile section */

/* Begin PBXContainerItemProxy section */
		BFBADD2F1DAB542D004CF6EF /* PBXContainerItemProxy */ = {
			isa = PBXContainerItemProxy;
			containerPortal = BFBADD121DAB542C004CF6EF /* Project object */;
			proxyType = 1;
			remoteGlobalIDString = BFBADD191DAB542D004CF6EF;
			remoteInfo = MessageBoard;
		};
		BFBADD3A1DAB542D004CF6EF /* PBXContainerItemProxy */ = {
			isa = PBXContainerItemProxy;
			containerPortal = BFBADD121DAB542C004CF6EF /* Project object */;
			proxyType = 1;
			remoteGlobalIDString = BFBADD191DAB542D004CF6EF;
			remoteInfo = MessageBoard;
		};
/* End PBXContainerItemProxy section */

/* Begin PBXFileReference section */
		BFBADD1A1DAB542D004CF6EF /* MessageBoard.app */ = {isa = PBXFileReference; explicitFileType = wrapper.application; includeInIndex = 0; path = MessageBoard.app; sourceTree = BUILT_PRODUCTS_DIR; };
		BFBADD1D1DAB542D004CF6EF /* AppDelegate.swift */ = {isa = PBXFileReference; lastKnownFileType = sourcecode.swift; path = AppDelegate.swift; sourceTree = "<group>"; };
		BFBADD1F1DAB542D004CF6EF /* ViewController.swift */ = {isa = PBXFileReference; lastKnownFileType = sourcecode.swift; path = ViewController.swift; sourceTree = "<group>"; };
		BFBADD221DAB542D004CF6EF /* Base */ = {isa = PBXFileReference; lastKnownFileType = file.storyboard; name = Base; path = Base.lproj/Main.storyboard; sourceTree = "<group>"; };
		BFBADD241DAB542D004CF6EF /* Assets.xcassets */ = {isa = PBXFileReference; lastKnownFileType = folder.assetcatalog; path = Assets.xcassets; sourceTree = "<group>"; };
		BFBADD271DAB542D004CF6EF /* Base */ = {isa = PBXFileReference; lastKnownFileType = file.storyboard; name = Base; path = Base.lproj/LaunchScreen.storyboard; sourceTree = "<group>"; };
		BFBADD291DAB542D004CF6EF /* Info.plist */ = {isa = PBXFileReference; lastKnownFileType = text.plist.xml; path = Info.plist; sourceTree = "<group>"; };
		BFBADD2E1DAB542D004CF6EF /* MessageBoardTests.xctest */ = {isa = PBXFileReference; explicitFileType = wrapper.cfbundle; includeInIndex = 0; path = MessageBoardTests.xctest; sourceTree = BUILT_PRODUCTS_DIR; };
		BFBADD321DAB542D004CF6EF /* MessageBoardTests.swift */ = {isa = PBXFileReference; lastKnownFileType = sourcecode.swift; path = MessageBoardTests.swift; sourceTree = "<group>"; };
		BFBADD341DAB542D004CF6EF /* Info.plist */ = {isa = PBXFileReference; lastKnownFileType = text.plist.xml; path = Info.plist; sourceTree = "<group>"; };
		BFBADD391DAB542D004CF6EF /* MessageBoardUITests.xctest */ = {isa = PBXFileReference; explicitFileType = wrapper.cfbundle; includeInIndex = 0; path = MessageBoardUITests.xctest; sourceTree = BUILT_PRODUCTS_DIR; };
		BFBADD3D1DAB542D004CF6EF /* MessageBoardUITests.swift */ = {isa = PBXFileReference; lastKnownFileType = sourcecode.swift; path = MessageBoardUITests.swift; sourceTree = "<group>"; };
		BFBADD3F1DAB542D004CF6EF /* Info.plist */ = {isa = PBXFileReference; lastKnownFileType = text.plist.xml; path = Info.plist; sourceTree = "<group>"; };
/* End PBXFileReference section */

/* Begin PBXFrameworksBuildPhase section */
		BFBADD171DAB542D004CF6EF /* Frameworks */ = {
			isa = PBXFrameworksBuildPhase;
			buildActionMask = 2147483647;
			files = (
			);
			runOnlyForDeploymentPostprocessing = 0;
		};
		BFBADD2B1DAB542D004CF6EF /* Frameworks */ = {
			isa = PBXFrameworksBuildPhase;
			buildActionMask = 2147483647;
			files = (
			);
			runOnlyForDeploymentPostprocessing = 0;
		};
		BFBADD361DAB542D004CF6EF /* Frameworks */ = {
			isa = PBXFrameworksBuildPhase;
			buildActionMask = 2147483647;
			files = (
			);
			runOnlyForDeploymentPostprocessing = 0;
		};
/* End PBXFrameworksBuildPhase section */

/* Begin PBXGroup section */
		BFBADD111DAB542C004CF6EF = {
			isa = PBXGroup;
			children = (
				BFBADD1C1DAB542D004CF6EF /* MessageBoard */,
				BFBADD311DAB542D004CF6EF /* MessageBoardTests */,
				BFBADD3C1DAB542D004CF6EF /* MessageBoardUITests */,
				BFBADD1B1DAB542D004CF6EF /* Products */,
			);
			sourceTree = "<group>";
		};
		BFBADD1B1DAB542D004CF6EF /* Products */ = {
			isa = PBXGroup;
			children = (
				BFBADD1A1DAB542D004CF6EF /* MessageBoard.app */,
				BFBADD2E1DAB542D004CF6EF /* MessageBoardTests.xctest */,
				BFBADD391DAB542D004CF6EF /* MessageBoardUITests.xctest */,
			);
			name = Products;
			sourceTree = "<group>";
		};
		BFBADD1C1DAB542D004CF6EF /* MessageBoard */ = {
			isa = PBXGroup;
			children = (
				BFBADD1D1DAB542D004CF6EF /* AppDelegate.swift */,
				BFBADD1F1DAB542D004CF6EF /* ViewController.swift */,
				BFBADD211DAB542D004CF6EF /* Main.storyboard */,
				BFBADD241DAB542D004CF6EF /* Assets.xcassets */,
				BFBADD261DAB542D004CF6EF /* LaunchScreen.storyboard */,
				BFBADD291DAB542D004CF6EF /* Info.plist */,
			);
			path = MessageBoard;
			sourceTree = "<group>";
		};
		BFBADD311DAB542D004CF6EF /* MessageBoardTests */ = {
			isa = PBXGroup;
			children = (
				BFBADD321DAB542D004CF6EF /* MessageBoardTests.swift */,
				BFBADD341DAB542D004CF6EF /* Info.plist */,
			);
			path = MessageBoardTests;
			sourceTree = "<group>";
		};
		BFBADD3C1DAB542D004CF6EF /* MessageBoardUITests */ = {
			isa = PBXGroup;
			children = (
				BFBADD3D1DAB542D004CF6EF /* MessageBoardUITests.swift */,
				BFBADD3F1DAB542D004CF6EF /* Info.plist */,
			);
			path = MessageBoardUITests;
			sourceTree = "<group>";
		};
/* End PBXGroup section */

/* Begin PBXNativeTarget section */
		BFBADD191DAB542D004CF6EF /* MessageBoard */ = {
			isa = PBXNativeTarget;
			buildConfigurationList = BFBADD421DAB542D004CF6EF /* Build configuration list for PBXNativeTarget "MessageBoard" */;
			buildPhases = (
				BFBADD161DAB542D004CF6EF /* Sources */,
				BFBADD171DAB542D004CF6EF /* Frameworks */,
				BFBADD181DAB542D004CF6EF /* Resources */,
			);
			buildRules = (
			);
			dependencies = (
			);
			name = MessageBoard;
			productName = MessageBoard;
			productReference = BFBADD1A1DAB542D004CF6EF /* MessageBoard.app */;
			productType = "com.apple.product-type.application";
		};
		BFBADD2D1DAB542D004CF6EF /* MessageBoardTests */ = {
			isa = PBXNativeTarget;
			buildConfigurationList = BFBADD451DAB542D004CF6EF /* Build configuration list for PBXNativeTarget "MessageBoardTests" */;
			buildPhases = (
				BFBADD2A1DAB542D004CF6EF /* Sources */,
				BFBADD2B1DAB542D004CF6EF /* Frameworks */,
				BFBADD2C1DAB542D004CF6EF /* Resources */,
			);
			buildRules = (
			);
			dependencies = (
				BFBADD301DAB542D004CF6EF /* PBXTargetDependency */,
			);
			name = MessageBoardTests;
			productName = MessageBoardTests;
			productReference = BFBADD2E1DAB542D004CF6EF /* MessageBoardTests.xctest */;
			productType = "com.apple.product-type.bundle.unit-test";
		};
		BFBADD381DAB542D004CF6EF /* MessageBoardUITests */ = {
			isa = PBXNativeTarget;
			buildConfigurationList = BFBADD481DAB542D004CF6EF /* Build configuration list for PBXNativeTarget "MessageBoardUITests" */;
			buildPhases = (
				BFBADD351DAB542D004CF6EF /* Sources */,
				BFBADD361DAB542D004CF6EF /* Frameworks */,
				BFBADD371DAB542D004CF6EF /* Resources */,
			);
			buildRules = (
			);
			dependencies = (
				BFBADD3B1DAB542D004CF6EF /* PBXTargetDependency */,
			);
			name = MessageBoardUITests;
			productName = MessageBoardUITests;
			productReference = BFBADD391DAB542D004CF6EF /* MessageBoardUITests.xctest */;
			productType = "com.apple.product-type.bundle.ui-testing";
		};
/* End PBXNativeTarget section */

/* Begin PBXProject section */
		BFBADD121DAB542C004CF6EF /* Project object */ = {
			isa = PBXProject;
			attributes = {
				LastSwiftUpdateCheck = 0800;
				LastUpgradeCheck = 0800;
				ORGANIZATIONNAME = Ampe;
				TargetAttributes = {
					BFBADD191DAB542D004CF6EF = {
						CreatedOnToolsVersion = 8.0;
						ProvisioningStyle = Automatic;
					};
					BFBADD2D1DAB542D004CF6EF = {
						CreatedOnToolsVersion = 8.0;
						ProvisioningStyle = Automatic;
						TestTargetID = BFBADD191DAB542D004CF6EF;
					};
					BFBADD381DAB542D004CF6EF = {
						CreatedOnToolsVersion = 8.0;
						ProvisioningStyle = Automatic;
						TestTargetID = BFBADD191DAB542D004CF6EF;
					};
				};
			};
			buildConfigurationList = BFBADD151DAB542C004CF6EF /* Build configuration list for PBXProject "MessageBoard" */;
			compatibilityVersion = "Xcode 3.2";
			developmentRegion = English;
			hasScannedForEncodings = 0;
			knownRegions = (
				en,
				Base,
			);
			mainGroup = BFBADD111DAB542C004CF6EF;
			productRefGroup = BFBADD1B1DAB542D004CF6EF /* Products */;
			projectDirPath = "";
			projectRoot = "";
			targets = (
				BFBADD191DAB542D004CF6EF /* MessageBoard */,
				BFBADD2D1DAB542D004CF6EF /* MessageBoardTests */,
				BFBADD381DAB542D004CF6EF /* MessageBoardUITests */,
			);
		};
/* End PBXProject section */

/* Begin PBXResourcesBuildPhase section */
		BFBADD181DAB542D004CF6EF /* Resources */ = {
			isa = PBXResourcesBuildPhase;
			buildActionMask = 2147483647;
			files = (
				BFBADD281DAB542D004CF6EF /* LaunchScreen.storyboard in Resources */,
				BFBADD251DAB542D004CF6EF /* Assets.xcassets in Resources */,
				BFBADD231DAB542D004CF6EF /* Main.storyboard in Resources */,
			);
			runOnlyForDeploymentPostprocessing = 0;
		};
		BFBADD2C1DAB542D004CF6EF /* Resources */ = {
			isa = PBXResourcesBuildPhase;
			buildActionMask = 2147483647;
			files = (
			);
			runOnlyForDeploymentPostprocessing = 0;
		};
		BFBADD371DAB542D004CF6EF /* Resources */ = {
			isa = PBXResourcesBuildPhase;
			buildActionMask = 2147483647;
			files = (
			);
			runOnlyForDeploymentPostprocessing = 0;
		};
/* End PBXResourcesBuildPhase section */

/* Begin PBXSourcesBuildPhase section */
		BFBADD161DAB542D004CF6EF /* Sources */ = {
			isa = PBXSourcesBuildPhase;
			buildActionMask = 2147483647;
			files = (
				BFBADD201DAB542D004CF6EF /* ViewController.swift in Sources */,
				BFBADD1E1DAB542D004CF6EF /* AppDelegate.swift in Sources */,
			);
			runOnlyForDeploymentPostprocessing = 0;
		};
		BFBADD2A1DAB542D004CF6EF /* Sources */ = {
			isa = PBXSourcesBuildPhase;
			buildActionMask = 2147483647;
			files = (
				BFBADD331DAB542D004CF6EF /* MessageBoardTests.swift in Sources */,
			);
			runOnlyForDeploymentPostprocessing = 0;
		};
		BFBADD351DAB542D004CF6EF /* Sources */ = {
			isa = PBXSourcesBuildPhase;
			buildActionMask = 2147483647;
			files = (
				BFBADD3E1DAB542D004CF6EF /* MessageBoardUITests.swift in Sources */,
			);
			runOnlyForDeploymentPostprocessing = 0;
		};
/* End PBXSourcesBuildPhase section */

/* Begin PBXTargetDependency section */
		BFBADD301DAB542D004CF6EF /* PBXTargetDependency */ = {
			isa = PBXTargetDependency;
			target = BFBADD191DAB542D004CF6EF /* MessageBoard */;
			targetProxy = BFBADD2F1DAB542D004CF6EF /* PBXContainerItemProxy */;
		};
		BFBADD3B1DAB542D004CF6EF /* PBXTargetDependency */ = {
			isa = PBXTargetDependency;
			target = BFBADD191DAB542D004CF6EF /* MessageBoard */;
			targetProxy = BFBADD3A1DAB542D004CF6EF /* PBXContainerItemProxy */;
		};
/* End PBXTargetDependency section */

/* Begin PBXVariantGroup section */
		BFBADD211DAB542D004CF6EF /* Main.storyboard */ = {
			isa = PBXVariantGroup;
			children = (
				BFBADD221DAB542D004CF6EF /* Base */,
			);
			name = Main.storyboard;
			sourceTree = "<group>";
		};
		BFBADD261DAB542D004CF6EF /* LaunchScreen.storyboard */ = {
			isa = PBXVariantGroup;
			children = (
				BFBADD271DAB542D004CF6EF /* Base */,
			);
			name = LaunchScreen.storyboard;
			sourceTree = "<group>";
		};
/* End PBXVariantGroup section */

/* Begin XCBuildConfiguration section */
		BFBADD401DAB542D004CF6EF /* Debug */ = {
			isa = XCBuildConfiguration;
			buildSettings = {
				ALWAYS_SEARCH_USER_PATHS = NO;
				CLANG_ANALYZER_NONNULL = YES;
				CLANG_CXX_LANGUAGE_STANDARD = "gnu++0x";
				CLANG_CXX_LIBRARY = "libc++";
				CLANG_ENABLE_MODULES = YES;
				CLANG_ENABLE_OBJC_ARC = YES;
				CLANG_WARN_BOOL_CONVERSION = YES;
				CLANG_WARN_CONSTANT_CONVERSION = YES;
				CLANG_WARN_DIRECT_OBJC_ISA_USAGE = YES_ERROR;
				CLANG_WARN_DOCUMENTATION_COMMENTS = YES;
				CLANG_WARN_EMPTY_BODY = YES;
				CLANG_WARN_ENUM_CONVERSION = YES;
				CLANG_WARN_INFINITE_RECURSION = YES;
				CLANG_WARN_INT_CONVERSION = YES;
				CLANG_WARN_OBJC_ROOT_CLASS = YES_ERROR;
				CLANG_WARN_SUSPICIOUS_MOVES = YES;
				CLANG_WARN_UNREACHABLE_CODE = YES;
				CLANG_WARN__DUPLICATE_METHOD_MATCH = YES;
				"CODE_SIGN_IDENTITY[sdk=iphoneos*]" = "iPhone Developer";
				COPY_PHASE_STRIP = NO;
				DEBUG_INFORMATION_FORMAT = dwarf;
				ENABLE_STRICT_OBJC_MSGSEND = YES;
				ENABLE_TESTABILITY = YES;
				GCC_C_LANGUAGE_STANDARD = gnu99;
				GCC_DYNAMIC_NO_PIC = NO;
				GCC_NO_COMMON_BLOCKS = YES;
				GCC_OPTIMIZATION_LEVEL = 0;
				GCC_PREPROCESSOR_DEFINITIONS = (
					"DEBUG=1",
					"$(inherited)",
				);
				GCC_WARN_64_TO_32_BIT_CONVERSION = YES;
				GCC_WARN_ABOUT_RETURN_TYPE = YES_ERROR;
				GCC_WARN_UNDECLARED_SELECTOR = YES;
				GCC_WARN_UNINITIALIZED_AUTOS = YES_AGGRESSIVE;
				GCC_WARN_UNUSED_FUNCTION = YES;
				GCC_WARN_UNUSED_VARIABLE = YES;
				IPHONEOS_DEPLOYMENT_TARGET = 10.0;
				MTL_ENABLE_DEBUG_INFO = YES;
				ONLY_ACTIVE_ARCH = YES;
				SDKROOT = iphoneos;
				SWIFT_ACTIVE_COMPILATION_CONDITIONS = DEBUG;
				SWIFT_OPTIMIZATION_LEVEL = "-Onone";
				TARGETED_DEVICE_FAMILY = "1,2";
			};
			name = Debug;
		};
		BFBADD411DAB542D004CF6EF /* Release */ = {
			isa = XCBuildConfiguration;
			buildSettings = {
				ALWAYS_SEARCH_USER_PATHS = NO;
				CLANG_ANALYZER_NONNULL = YES;
				CLANG_CXX_LANGUAGE_STANDARD = "gnu++0x";
				CLANG_CXX_LIBRARY = "libc++";
				CLANG_ENABLE_MODULES = YES;
				CLANG_ENABLE_OBJC_ARC = YES;
				CLANG_WARN_BOOL_CONVERSION = YES;
				CLANG_WARN_CONSTANT_CONVERSION = YES;
				CLANG_WARN_DIRECT_OBJC_ISA_USAGE = YES_ERROR;
				CLANG_WARN_DOCUMENTATION_COMMENTS = YES;
				CLANG_WARN_EMPTY_BODY = YES;
				CLANG_WARN_ENUM_CONVERSION = YES;
				CLANG_WARN_INFINITE_RECURSION = YES;
				CLANG_WARN_INT_CONVERSION = YES;
				CLANG_WARN_OBJC_ROOT_CLASS = YES_ERROR;
				CLANG_WARN_SUSPICIOUS_MOVES = YES;
				CLANG_WARN_UNREACHABLE_CODE = YES;
				CLANG_WARN__DUPLICATE_METHOD_MATCH = YES;
				"CODE_SIGN_IDENTITY[sdk=iphoneos*]" = "iPhone Developer";
				COPY_PHASE_STRIP = NO;
				DEBUG_INFORMATION_FORMAT = "dwarf-with-dsym";
				ENABLE_NS_ASSERTIONS = NO;
				ENABLE_STRICT_OBJC_MSGSEND = YES;
				GCC_C_LANGUAGE_STANDARD = gnu99;
				GCC_NO_COMMON_BLOCKS = YES;
				GCC_WARN_64_TO_32_BIT_CONVERSION = YES;
				GCC_WARN_ABOUT_RETURN_TYPE = YES_ERROR;
				GCC_WARN_UNDECLARED_SELECTOR = YES;
				GCC_WARN_UNINITIALIZED_AUTOS = YES_AGGRESSIVE;
				GCC_WARN_UNUSED_FUNCTION = YES;
				GCC_WARN_UNUSED_VARIABLE = YES;
				IPHONEOS_DEPLOYMENT_TARGET = 10.0;
				MTL_ENABLE_DEBUG_INFO = NO;
				SDKROOT = iphoneos;
				SWIFT_OPTIMIZATION_LEVEL = "-Owholemodule";
				TARGETED_DEVICE_FAMILY = "1,2";
				VALIDATE_PRODUCT = YES;
			};
			name = Release;
		};
		BFBADD431DAB542D004CF6EF /* Debug */ = {
			isa = XCBuildConfiguration;
			buildSettings = {
				ASSETCATALOG_COMPILER_APPICON_NAME = AppIcon;
				INFOPLIST_FILE = MessageBoard/Info.plist;
				LD_RUNPATH_SEARCH_PATHS = "$(inherited) @executable_path/Frameworks";
				PRODUCT_BUNDLE_IDENTIFIER = Ampe.MessageBoard;
				PRODUCT_NAME = "$(TARGET_NAME)";
				SWIFT_VERSION = 3.0;
			};
			name = Debug;
		};
		BFBADD441DAB542D004CF6EF /* Release */ = {
			isa = XCBuildConfiguration;
			buildSettings = {
				ASSETCATALOG_COMPILER_APPICON_NAME = AppIcon;
				INFOPLIST_FILE = MessageBoard/Info.plist;
				LD_RUNPATH_SEARCH_PATHS = "$(inherited) @executable_path/Frameworks";
				PRODUCT_BUNDLE_IDENTIFIER = Ampe.MessageBoard;
				PRODUCT_NAME = "$(TARGET_NAME)";
				SWIFT_VERSION = 3.0;
			};
			name = Release;
		};
		BFBADD461DAB542D004CF6EF /* Debug */ = {
			isa = XCBuildConfiguration;
			buildSettings = {
				ALWAYS_EMBED_SWIFT_STANDARD_LIBRARIES = YES;
				BUNDLE_LOADER = "$(TEST_HOST)";
				INFOPLIST_FILE = MessageBoardTests/Info.plist;
				LD_RUNPATH_SEARCH_PATHS = "$(inherited) @executable_path/Frameworks @loader_path/Frameworks";
				PRODUCT_BUNDLE_IDENTIFIER = Ampe.MessageBoardTests;
				PRODUCT_NAME = "$(TARGET_NAME)";
				SWIFT_VERSION = 3.0;
				TEST_HOST = "$(BUILT_PRODUCTS_DIR)/MessageBoard.app/MessageBoard";
			};
			name = Debug;
		};
		BFBADD471DAB542D004CF6EF /* Release */ = {
			isa = XCBuildConfiguration;
			buildSettings = {
				ALWAYS_EMBED_SWIFT_STANDARD_LIBRARIES = YES;
				BUNDLE_LOADER = "$(TEST_HOST)";
				INFOPLIST_FILE = MessageBoardTests/Info.plist;
				LD_RUNPATH_SEARCH_PATHS = "$(inherited) @executable_path/Frameworks @loader_path/Frameworks";
				PRODUCT_BUNDLE_IDENTIFIER = Ampe.MessageBoardTests;
				PRODUCT_NAME = "$(TARGET_NAME)";
				SWIFT_VERSION = 3.0;
				TEST_HOST = "$(BUILT_PRODUCTS_DIR)/MessageBoard.app/MessageBoard";
			};
			name = Release;
		};
		BFBADD491DAB542D004CF6EF /* Debug */ = {
			isa = XCBuildConfiguration;
			buildSettings = {
				ALWAYS_EMBED_SWIFT_STANDARD_LIBRARIES = YES;
				INFOPLIST_FILE = MessageBoardUITests/Info.plist;
				LD_RUNPATH_SEARCH_PATHS = "$(inherited) @executable_path/Frameworks @loader_path/Frameworks";
				PRODUCT_BUNDLE_IDENTIFIER = Ampe.MessageBoardUITests;
				PRODUCT_NAME = "$(TARGET_NAME)";
				SWIFT_VERSION = 3.0;
				TEST_TARGET_NAME = MessageBoard;
			};
			name = Debug;
		};
		BFBADD4A1DAB542D004CF6EF /* Release */ = {
			isa = XCBuildConfiguration;
			buildSettings = {
				ALWAYS_EMBED_SWIFT_STANDARD_LIBRARIES = YES;
				INFOPLIST_FILE = MessageBoardUITests/Info.plist;
				LD_RUNPATH_SEARCH_PATHS = "$(inherited) @executable_path/Frameworks @loader_path/Frameworks";
				PRODUCT_BUNDLE_IDENTIFIER = Ampe.MessageBoardUITests;
				PRODUCT_NAME = "$(TARGET_NAME)";
				SWIFT_VERSION = 3.0;
				TEST_TARGET_NAME = MessageBoard;
			};
			name = Release;
		};
/* End XCBuildConfiguration section */

/* Begin XCConfigurationList section */
		BFBADD151DAB542C004CF6EF /* Build configuration list for PBXProject "MessageBoard" */ = {
			isa = XCConfigurationList;
			buildConfigurations = (
				BFBADD401DAB542D004CF6EF /* Debug */,
				BFBADD411DAB542D004CF6EF /* Release */,
			);
			defaultConfigurationIsVisible = 0;
			defaultConfigurationName = Release;
		};
		BFBADD421DAB542D004CF6EF /* Build configuration list for PBXNativeTarget "MessageBoard" */ = {
			isa = XCConfigurationList;
			buildConfigurations = (
				BFBADD431DAB542D004CF6EF /* Debug */,
				BFBADD441DAB542D004CF6EF /* Release */,
			);
			defaultConfigurationIsVisible = 0;
		};
		BFBADD451DAB542D004CF6EF /* Build configuration list for PBXNativeTarget "MessageBoardTests" */ = {
			isa = XCConfigurationList;
			buildConfigurations = (
				BFBADD461DAB542D004CF6EF /* Debug */,
				BFBADD471DAB542D004CF6EF /* Release */,
			);
			defaultConfigurationIsVisible = 0;
		};
		BFBADD481DAB542D004CF6EF /* Build configuration list for PBXNativeTarget "MessageBoardUITests" */ = {
			isa = XCConfigurationList;
			buildConfigurations = (
				BFBADD491DAB542D004CF6EF /* Debug */,
				BFBADD4A1DAB542D004CF6EF /* Release */,
			);
			defaultConfigurationIsVisible = 0;
		};
/* End XCConfigurationList section */
	};
	rootObject = BFBADD121DAB542C004CF6EF /* Project object */;
}
